
Microsoft Visual Studio Solution File, Format Version 12.00
# Visual Studio Version 17
VisualStudioVersion = 17.2.32616.157
MinimumVisualStudioVersion = 10.0.40219.1
Project("{9A19103F-16F7-4668-BE54-9A1E7A4F7556}") = "tacttvm", "tacttvm\tacttvm.csproj", "{EEA79913-BD0B-491C-819F-901E319E338F}"
EndProject
Global
	GlobalSection(SolutionConfigurationPlatforms) = preSolution
		Debug|Any CPU = Debug|Any CPU
		Release|Any CPU = Release|Any CPU
	EndGlobalSection
	GlobalSection(ProjectConfigurationPlatforms) = postSolution
		{EEA79913-BD0B-491C-819F-901E319E338F}.Debug|Any CPU.ActiveCfg = Debug|Any CPU
		{EEA79913-BD0B-491C-819F-901E319E338F}.Debug|Any CPU.Build.0 = Debug|Any CPU
		{EEA79913-BD0B-491C-819F-901E319E338F}.Release|Any CPU.ActiveCfg = Release|Any CPU
		{EEA79913-BD0B-491C-819F-901E319E338F}.Release|Any CPU.Build.0 = Release|Any CPU
	EndGlobalSection
	GlobalSection(SolutionProperties) = preSolution
		HideSolutionNode = FALSE
	EndGlobalSection
	GlobalSection(ExtensibilityGlobals) = postSolution
		SolutionGuid = {F14B1551-08BA-4E11-888F-E0A2D73252D3}
	EndGlobalSection
EndGlobal
